
Microsoft Visual Studio Solution File, Format Version 12.00
# Visual Studio Version 17
VisualStudioVersion = 17.14.36310.24 d17.14
MinimumVisualStudioVersion = 10.0.40219.1
Project("{FAE04EC0-301F-11D3-BF4B-00C04F79EFBC}") = "UsuarioApi", "UsuarioApi\UsuarioApi.csproj", "{3C2C27E0-0A32-45A7-8060-5FD30F42F5BC}"
EndProject
Global
	GlobalSection(SolutionConfigurationPlatforms) = preSolution
		Debug|Any CPU = Debug|Any CPU
		Release|Any CPU = Release|Any CPU
	EndGlobalSection
	GlobalSection(ProjectConfigurationPlatforms) = postSolution
		{3C2C27E0-0A32-45A7-8060-5FD30F42F5BC}.Debug|Any CPU.ActiveCfg = Debug|Any CPU
		{3C2C27E0-0A32-45A7-8060-5FD30F42F5BC}.Debug|Any CPU.Build.0 = Debug|Any CPU
		{3C2C27E0-0A32-45A7-8060-5FD30F42F5BC}.Release|Any CPU.ActiveCfg = Release|Any CPU
		{3C2C27E0-0A32-45A7-8060-5FD30F42F5BC}.Release|Any CPU.Build.0 = Release|Any CPU
	EndGlobalSection
	GlobalSection(SolutionProperties) = preSolution
		HideSolutionNode = FALSE
	EndGlobalSection
	GlobalSection(ExtensibilityGlobals) = postSolution
		SolutionGuid = {8FE3A33B-E768-4E6E-B450-9834EA731EEF}
	EndGlobalSection
EndGlobal
